DEPENDENCIES
  apache2
  git
  passenger_apache2
  rbenv
  ruby_build
  simple_iptables

GRAPH
  apache2 (3.1.0)
  apt (2.9.2)
  build-essential (2.2.4)
  chef_handler (1.2.0)
  dmg (2.3.0)
  git (4.3.7)
    build-essential (>= 0.0.0)
    dmg (>= 0.0.0)
    windows (>= 0.0.0)
    yum-epel (>= 0.0.0)
  ohai (2.1.0)
  passenger_apache2 (2.3.0)
    apache2 (>= 2.0)
    build-essential (>= 0.0.0)
  rbenv (1.7.1)
    apt (>= 0.0.0)
    build-essential (>= 0.0.0)
    git (>= 0.0.0)
    ohai (>= 1.1)
  ruby_build (0.8.0)
  simple_iptables (0.7.4)
  windows (1.39.1)
    chef_handler (>= 0.0.0)
  yum (3.10.0)
  yum-epel (0.6.5)
    yum (~> 3.2)
